%{"alarms": {:git, "git://github.com/chrzaszcz/alarms.git", "0c40c6cdfcad6cb89313621150dcea5237bb8478", [branch: "master"]},
  "base16": {:git, "git://github.com/goj/base16.git", "1e9dd28bdbcfb8f4aedf82b9900cfb0f094f137d", [ref: "1e9dd28bdbcfb"]},
  "bear": {:git, "git://github.com/boundary/bear.git", "119234548783af19b8ec75c879c5062676b92571", [tag: "0.8.2"]},
  "connection": {:hex, :connection, "1.0.2"},
  "cowboy": {:hex, :cowboy, "1.0.0"},
  "cowlib": {:hex, :cowlib, "1.0.2"},
  "cuesport": {:git, "git://github.com/goj/cuesport.git", "3b16d99d8bc41774dbc4dabad8054b4423dec5a6", [ref: "3b16d99"]},
  "decimal": {:hex, :decimal, "1.1.1"},
  "ecoveralls": {:git, "git://github.com/nifoc/ecoveralls.git", "40fa0d2f2057fff29e964f94fccf6ef2f13d34d2", [ref: "40fa0d2f2057fff29e964f94fccf6ef2f13d34d2"]},
  "ecto": {:hex, :ecto, "1.1.1"},
  "edown": {:git, "https://github.com/uwiger/edown.git", "abd9f5bbf9265a0a25640a677824386e199e91a6", []},
  "exml": {:git, "git://github.com/esl/exml.git", "b55e20e1b1b9d9d4d36e23026694128cc9c29f54", [ref: "2.1.5"]},
  "exometer": {:git, "git://github.com/esl/exometer.git", "fade2105619d5f3237f2839176f2b219849065d6", [branch: "1.1-patched"]},
  "folsom": {:git, "https://github.com/boundary/folsom.git", "8914823067c623d2839ecd6d17785ba94ad004c8", []},
  "fs": {:hex, :fs, "0.9.2"},
  "fusco": {:git, "git://github.com/esl/fusco.git", "0a428471aefb3a38207c2141249181e6c018e565", [branch: "master"]},
  "gettext": {:hex, :gettext, "0.9.0"},
  "goldrush": {:git, "git://github.com/DeadZen/goldrush.git", "71e63212f12c25827e0c1b4198d37d5d018a7fec", [tag: "0.1.6"]},
  "idna": {:git, "git://github.com/benoitc/erlang-idna.git", "5089240e653ce254273da9cff57952a60b1d2c51", [tag: "1.0.1"]},
  "jsx": {:git, "git://github.com/talentdeficit/jsx", "4d549dd8a990e282c3d57c5f73213674c05ebf07", [tag: "v2.1.1"]},
  "lager": {:git, "git://github.com/basho/lager.git", "b6b6cebcb27ccff8acc59ae775acebc2f52e4926", [ref: "2.0.3"]},
  "mariaex": {:hex, :mariaex, "0.6.1"},
  "meck": {:git, "https://github.com/eproxus/meck.git", "ccc817ee45a8ee1f2ba244ab3e8f1ddc178df685", []},
  "mochijson2": {:git, "git://github.com/bjnortier/mochijson2.git", "e162b7f5be57b8a1fcf5cc99aa4948864af42bba", [branch: "master"]},
  "mongooseim": {:git, "https://github.com/esl/MongooseIM.git", "770b9b09e4f6fa2d682bd47f83a565b64ecabfde", [branch: "phoenix-integration"]},
  "mustache": {:git, "git://github.com/mojombo/mustache.erl.git", "d0246fe143058b6404f66cf99fece3ff6e87b7ed", [ref: "d0246fe143058b6404f66cf99fece3ff6e87b7ed"]},
  "p1_cache_tab": {:git, "git://github.com/processone/cache_tab", "7b89d6afb66d8ff9d56671864be74654f5b18e2f", [ref: "7b89d6a"]},
  "p1_stringprep": {:git, "git://github.com/processone/stringprep.git", "9e9e0f8dbe6a70ef36e1d4436b458ca5a77fbcfb", [ref: "9e9e0f8dbe6a70ef36e1d4436b458ca5a77fbcfb"]},
  "p1_utils": {:git, "https://github.com/processone/p1_utils.git", "3297baf5c40ad73c59f3ed913090a5f682b6f95d", []},
  "pa": {:git, "git://github.com/lavrin/pa.git", "c616d3f9f33ab2f739a6c6fd4c6dacddbae05aec", [ref: "c616d3f9"]},
  "parse_trans": {:git, "git://github.com/uwiger/parse_trans.git", "82cc00264aa1bad8fc5c0739b7541feb4a843432", [tag: "2.9"]},
  "phoenix": {:hex, :phoenix, "1.1.1"},
  "phoenix_ecto": {:hex, :phoenix_ecto, "2.0.0"},
  "phoenix_html": {:hex, :phoenix_html, "2.3.0"},
  "phoenix_live_reload": {:hex, :phoenix_live_reload, "1.0.1"},
  "plug": {:hex, :plug, "1.0.3"},
  "poison": {:hex, :poison, "1.5.0"},
  "poolboy": {:hex, :poolboy, "1.5.1"},
  "proper": {:git, "https://github.com/manopapad/proper.git", "1b773eeb47cb2c3116d78bdf681505703b762eee", []},
  "protobuffs": {:git, "https://github.com/esl/erlang_protobuffs.git", "d64ada24cf0479bcf3358bd67b3fb3d654ae1990", []},
  "ranch": {:hex, :ranch, "1.0.0"},
  "recon": {:git, "git://github.com/ferd/recon.git", "3578fa86ad408d98e0512ded0b2f2c5b834a84ad", [tag: "2.2.1"]},
  "redo": {:git, "git://github.com/JacobVorreuter/redo.git", "7c7eaef4cd65271e2fc4ea88587e848407cf0762", [ref: "7c7eaef"]},
  "riak_pb": {:git, "git://github.com/basho/riak_pb", "620bc7001dc788e5530078aa8be53c9d15d4fdb4", [tag: "2.1.0.2"]},
  "riakc": {:git, "https://github.com/esl/riak-erlang-client", "3aa1b307bbf4de41e99e6d94e48f2a9ac6890af2", [branch: "fix/dialyzer"]},
  "seestar": {:git, "git://github.com/iamaleksey/seestar.git", "83e8099b617fffe5af86d4c91d84ce3608accd25", [ref: "83e8099b617fffe5af86d4c91d84ce3608accd25"]},
  "setup": {:git, "git://github.com/uwiger/setup.git", "51ee7c9f64d2bbe9dcbb58c278e8fbfd4d0ca5e2", [tag: "1.4"]},
  "usec": {:git, "git://github.com/esl/usec.git", "f85ffd8350d7000c26392c18bdfcdbb30f3b5ee8", [branch: "master"]}}
